
Microsoft Visual Studio Solution File, Format Version 12.00
Project("{FAE04EC0-301F-11D3-BF4B-00C04F79EFBC}") = "WebApp", "WebApp\WebApp.csproj", "{D5881B16-B410-445B-8864-8FF10784E120}"
EndProject
Project("{FAE04EC0-301F-11D3-BF4B-00C04F79EFBC}") = "App.Domain", "App.Domain\App.Domain.csproj", "{C4D70373-CBE5-4925-8E4C-783A3C62C9A4}"
EndProject
Project("{2150E333-8FDC-42A3-9474-1A3956D46DE8}") = "SolutionItems", "SolutionItems", "{A41A6DA0-BC95-4B85-AC58-23B591F88EF0}"
	ProjectSection(SolutionItems) = preProject
		README.md = README.md
		.gitignore = .gitignore
		Database_Dump\main_sqlite_master.csv = Database_Dump\main_sqlite_master.csv
		Database_Dump\main_Entries.csv = Database_Dump\main_Entries.csv
		Database_Dump\main_EntrySectors.csv = Database_Dump\main_EntrySectors.csv
		Database_Dump\main_Sectors.csv = Database_Dump\main_Sectors.csv
		Database_Dump\main_EFMigrationsHistory.csv = Database_Dump\main_EFMigrationsHistory.csv
	EndProjectSection
EndProject
Project("{FAE04EC0-301F-11D3-BF4B-00C04F79EFBC}") = "App.DAL.EF", "App.DAL.EF\App.DAL.EF.csproj", "{B555AE96-B505-434E-B47D-942A1C5D6F96}"
EndProject
Global
	GlobalSection(SolutionConfigurationPlatforms) = preSolution
		Debug|Any CPU = Debug|Any CPU
		Release|Any CPU = Release|Any CPU
	EndGlobalSection
	GlobalSection(ProjectConfigurationPlatforms) = postSolution
		{D5881B16-B410-445B-8864-8FF10784E120}.Debug|Any CPU.ActiveCfg = Debug|Any CPU
		{D5881B16-B410-445B-8864-8FF10784E120}.Debug|Any CPU.Build.0 = Debug|Any CPU
		{D5881B16-B410-445B-8864-8FF10784E120}.Release|Any CPU.ActiveCfg = Release|Any CPU
		{D5881B16-B410-445B-8864-8FF10784E120}.Release|Any CPU.Build.0 = Release|Any CPU
		{C4D70373-CBE5-4925-8E4C-783A3C62C9A4}.Debug|Any CPU.ActiveCfg = Debug|Any CPU
		{C4D70373-CBE5-4925-8E4C-783A3C62C9A4}.Debug|Any CPU.Build.0 = Debug|Any CPU
		{C4D70373-CBE5-4925-8E4C-783A3C62C9A4}.Release|Any CPU.ActiveCfg = Release|Any CPU
		{C4D70373-CBE5-4925-8E4C-783A3C62C9A4}.Release|Any CPU.Build.0 = Release|Any CPU
		{B555AE96-B505-434E-B47D-942A1C5D6F96}.Debug|Any CPU.ActiveCfg = Debug|Any CPU
		{B555AE96-B505-434E-B47D-942A1C5D6F96}.Debug|Any CPU.Build.0 = Debug|Any CPU
		{B555AE96-B505-434E-B47D-942A1C5D6F96}.Release|Any CPU.ActiveCfg = Release|Any CPU
		{B555AE96-B505-434E-B47D-942A1C5D6F96}.Release|Any CPU.Build.0 = Release|Any CPU
	EndGlobalSection
EndGlobal
